
Microsoft Visual Studio Solution File, Format Version 12.00
# Visual Studio Version 16
VisualStudioVersion = 16.0.31112.23
MinimumVisualStudioVersion = 10.0.40219.1
Project("{FAE04EC0-301F-11D3-BF4B-00C04F79EFBC}") = "SSU.CS.Task6.Encoder", "SSU.CS.Task6.Encoder\SSU.CS.Task6.Encoder.csproj", "{2D0AB088-72BD-499F-B561-12D5CF5442B5}"
EndProject
Global
	GlobalSection(SolutionConfigurationPlatforms) = preSolution
		Debug|Any CPU = Debug|Any CPU
		Release|Any CPU = Release|Any CPU
	EndGlobalSection
	GlobalSection(ProjectConfigurationPlatforms) = postSolution
		{2D0AB088-72BD-499F-B561-12D5CF5442B5}.Debug|Any CPU.ActiveCfg = Debug|Any CPU
		{2D0AB088-72BD-499F-B561-12D5CF5442B5}.Debug|Any CPU.Build.0 = Debug|Any CPU
		{2D0AB088-72BD-499F-B561-12D5CF5442B5}.Release|Any CPU.ActiveCfg = Release|Any CPU
		{2D0AB088-72BD-499F-B561-12D5CF5442B5}.Release|Any CPU.Build.0 = Release|Any CPU
	EndGlobalSection
	GlobalSection(SolutionProperties) = preSolution
		HideSolutionNode = FALSE
	EndGlobalSection
	GlobalSection(ExtensibilityGlobals) = postSolution
		SolutionGuid = {A55FA425-6D90-44BB-854D-B366CE8451E8}
	EndGlobalSection
EndGlobal
