
Microsoft Visual Studio Solution File, Format Version 12.00
# Visual Studio Version 16
VisualStudioVersion = 16.0.31112.23
MinimumVisualStudioVersion = 10.0.40219.1
Project("{FAE04EC0-301F-11D3-BF4B-00C04F79EFBC}") = "SSU.CS.Task6.Decoder", "SSU.CS.Task6.Decoder\SSU.CS.Task6.Decoder.csproj", "{F67A2F51-FA96-4FFA-B75D-638920A9E9B7}"
EndProject
Global
	GlobalSection(SolutionConfigurationPlatforms) = preSolution
		Debug|Any CPU = Debug|Any CPU
		Release|Any CPU = Release|Any CPU
	EndGlobalSection
	GlobalSection(ProjectConfigurationPlatforms) = postSolution
		{F67A2F51-FA96-4FFA-B75D-638920A9E9B7}.Debug|Any CPU.ActiveCfg = Debug|Any CPU
		{F67A2F51-FA96-4FFA-B75D-638920A9E9B7}.Debug|Any CPU.Build.0 = Debug|Any CPU
		{F67A2F51-FA96-4FFA-B75D-638920A9E9B7}.Release|Any CPU.ActiveCfg = Release|Any CPU
		{F67A2F51-FA96-4FFA-B75D-638920A9E9B7}.Release|Any CPU.Build.0 = Release|Any CPU
	EndGlobalSection
	GlobalSection(SolutionProperties) = preSolution
		HideSolutionNode = FALSE
	EndGlobalSection
	GlobalSection(ExtensibilityGlobals) = postSolution
		SolutionGuid = {D53DBE6B-BEC4-45B6-A9B2-5DC4BC7D3925}
	EndGlobalSection
EndGlobal
